
Microsoft Visual Studio Solution File, Format Version 12.00
# Visual Studio 15
VisualStudioVersion = 15.0.27004.2006
MinimumVisualStudioVersion = 10.0.40219.1
Project("{8BC9CEB8-8B4A-11D0-8D11-00A0C91BC942}") = "Project6", "Project6\Project6.vcxproj", "{4C6B5D27-F591-4871-8EEE-C37D5386EC15}"
EndProject
Global
	GlobalSection(SolutionConfigurationPlatforms) = preSolution
		Debug|x64 = Debug|x64
		Debug|x86 = Debug|x86
		Release|x64 = Release|x64
		Release|x86 = Release|x86
	EndGlobalSection
	GlobalSection(ProjectConfigurationPlatforms) = postSolution
		{4C6B5D27-F591-4871-8EEE-C37D5386EC15}.Debug|x64.ActiveCfg = Debug|x64
		{4C6B5D27-F591-4871-8EEE-C37D5386EC15}.Debug|x64.Build.0 = Debug|x64
		{4C6B5D27-F591-4871-8EEE-C37D5386EC15}.Debug|x86.ActiveCfg = Debug|Win32
		{4C6B5D27-F591-4871-8EEE-C37D5386EC15}.Debug|x86.Build.0 = Debug|Win32
		{4C6B5D27-F591-4871-8EEE-C37D5386EC15}.Release|x64.ActiveCfg = Release|x64
		{4C6B5D27-F591-4871-8EEE-C37D5386EC15}.Release|x64.Build.0 = Release|x64
		{4C6B5D27-F591-4871-8EEE-C37D5386EC15}.Release|x86.ActiveCfg = Release|Win32
		{4C6B5D27-F591-4871-8EEE-C37D5386EC15}.Release|x86.Build.0 = Release|Win32
	EndGlobalSection
	GlobalSection(SolutionProperties) = preSolution
		HideSolutionNode = FALSE
	EndGlobalSection
	GlobalSection(ExtensibilityGlobals) = postSolution
		SolutionGuid = {B144D800-7D7A-4A3D-8DDE-0425C7C2CC13}
	EndGlobalSection
EndGlobal
