
Microsoft Visual Studio Solution File, Format Version 12.00
# Visual Studio 15
VisualStudioVersion = 15.0.26730.12
MinimumVisualStudioVersion = 10.0.40219.1
Project("{8BC9CEB8-8B4A-11D0-8D11-00A0C91BC942}") = "CrappyGame", "CrappyGame\CrappyGame.vcxproj", "{220F10B2-0922-483A-8DE6-B67C5C55E766}"
EndProject
Global
	GlobalSection(SolutionConfigurationPlatforms) = preSolution
		Debug|x64 = Debug|x64
		Debug|x86 = Debug|x86
		Release|x64 = Release|x64
		Release|x86 = Release|x86
	EndGlobalSection
	GlobalSection(ProjectConfigurationPlatforms) = postSolution
		{220F10B2-0922-483A-8DE6-B67C5C55E766}.Debug|x64.ActiveCfg = Debug|x64
		{220F10B2-0922-483A-8DE6-B67C5C55E766}.Debug|x64.Build.0 = Debug|x64
		{220F10B2-0922-483A-8DE6-B67C5C55E766}.Debug|x86.ActiveCfg = Debug|Win32
		{220F10B2-0922-483A-8DE6-B67C5C55E766}.Debug|x86.Build.0 = Debug|Win32
		{220F10B2-0922-483A-8DE6-B67C5C55E766}.Release|x64.ActiveCfg = Release|x64
		{220F10B2-0922-483A-8DE6-B67C5C55E766}.Release|x64.Build.0 = Release|x64
		{220F10B2-0922-483A-8DE6-B67C5C55E766}.Release|x86.ActiveCfg = Release|Win32
		{220F10B2-0922-483A-8DE6-B67C5C55E766}.Release|x86.Build.0 = Release|Win32
	EndGlobalSection
	GlobalSection(SolutionProperties) = preSolution
		HideSolutionNode = FALSE
	EndGlobalSection
	GlobalSection(ExtensibilityGlobals) = postSolution
		SolutionGuid = {D9CA4D77-A128-4C33-9DE3-79BB63A5CE23}
	EndGlobalSection
EndGlobal
