
Microsoft Visual Studio Solution File, Format Version 12.00
# Visual Studio 15
VisualStudioVersion = 15.0.26730.15
MinimumVisualStudioVersion = 10.0.40219.1
Project("{8BC9CEB8-8B4A-11D0-8D11-00A0C91BC942}") = "Project8", "Project8\Project8.vcxproj", "{07269096-9356-4A93-B192-BFD5DC8AD1F5}"
EndProject
Global
	GlobalSection(SolutionConfigurationPlatforms) = preSolution
		Debug|x64 = Debug|x64
		Debug|x86 = Debug|x86
		Release|x64 = Release|x64
		Release|x86 = Release|x86
	EndGlobalSection
	GlobalSection(ProjectConfigurationPlatforms) = postSolution
		{07269096-9356-4A93-B192-BFD5DC8AD1F5}.Debug|x64.ActiveCfg = Debug|x64
		{07269096-9356-4A93-B192-BFD5DC8AD1F5}.Debug|x64.Build.0 = Debug|x64
		{07269096-9356-4A93-B192-BFD5DC8AD1F5}.Debug|x86.ActiveCfg = Debug|Win32
		{07269096-9356-4A93-B192-BFD5DC8AD1F5}.Debug|x86.Build.0 = Debug|Win32
		{07269096-9356-4A93-B192-BFD5DC8AD1F5}.Release|x64.ActiveCfg = Release|x64
		{07269096-9356-4A93-B192-BFD5DC8AD1F5}.Release|x64.Build.0 = Release|x64
		{07269096-9356-4A93-B192-BFD5DC8AD1F5}.Release|x86.ActiveCfg = Release|Win32
		{07269096-9356-4A93-B192-BFD5DC8AD1F5}.Release|x86.Build.0 = Release|Win32
	EndGlobalSection
	GlobalSection(SolutionProperties) = preSolution
		HideSolutionNode = FALSE
	EndGlobalSection
	GlobalSection(ExtensibilityGlobals) = postSolution
		SolutionGuid = {DC5E1C67-CB6F-4B36-81F4-3054C7056C9E}
	EndGlobalSection
EndGlobal
